
Microsoft Visual Studio Solution File, Format Version 12.00
# Visual Studio Version 16
VisualStudioVersion = 16.0.32510.428
MinimumVisualStudioVersion = 10.0.40219.1
Project("{9A19103F-16F7-4668-BE54-9A1E7A4F7556}") = "LerCsvAprorpiacoes", "ler_csv_apropriacoes\LerCsvAprorpiacoes.csproj", "{D7435E21-9B73-4B73-9EE4-E58C0025E371}"
EndProject
Project("{9A19103F-16F7-4668-BE54-9A1E7A4F7556}") = "LerCsvApropriacoes.Dominio", "LerCsvApropriacoes.Dominio\LerCsvApropriacoes.Dominio.csproj", "{6AD567AD-7C6B-4083-BB7A-F92BBAD07AAB}"
EndProject
Project("{9A19103F-16F7-4668-BE54-9A1E7A4F7556}") = "LerApropriacoes.Data", "LerApropriacoes.Data\LerApropriacoes.Data.csproj", "{20683E4E-2AF0-43AD-8998-09EE27702EB0}"
EndProject
Project("{FAE04EC0-301F-11D3-BF4B-00C04F79EFBC}") = "LerApropriacoesSiccob", "LerApropriacoesSIXOOB[[\LerApropriacoesSiccob.csproj", "{74974A80-5DAE-4EA9-BB2E-DEA4C67C7CF1}"
EndProject
Global
	GlobalSection(SolutionConfigurationPlatforms) = preSolution
		Debug|Any CPU = Debug|Any CPU
		Release|Any CPU = Release|Any CPU
	EndGlobalSection
	GlobalSection(ProjectConfigurationPlatforms) = postSolution
		{D7435E21-9B73-4B73-9EE4-E58C0025E371}.Debug|Any CPU.ActiveCfg = Debug|Any CPU
		{D7435E21-9B73-4B73-9EE4-E58C0025E371}.Debug|Any CPU.Build.0 = Debug|Any CPU
		{D7435E21-9B73-4B73-9EE4-E58C0025E371}.Release|Any CPU.ActiveCfg = Release|Any CPU
		{D7435E21-9B73-4B73-9EE4-E58C0025E371}.Release|Any CPU.Build.0 = Release|Any CPU
		{6AD567AD-7C6B-4083-BB7A-F92BBAD07AAB}.Debug|Any CPU.ActiveCfg = Debug|Any CPU
		{6AD567AD-7C6B-4083-BB7A-F92BBAD07AAB}.Debug|Any CPU.Build.0 = Debug|Any CPU
		{6AD567AD-7C6B-4083-BB7A-F92BBAD07AAB}.Release|Any CPU.ActiveCfg = Release|Any CPU
		{6AD567AD-7C6B-4083-BB7A-F92BBAD07AAB}.Release|Any CPU.Build.0 = Release|Any CPU
		{20683E4E-2AF0-43AD-8998-09EE27702EB0}.Debug|Any CPU.ActiveCfg = Debug|Any CPU
		{20683E4E-2AF0-43AD-8998-09EE27702EB0}.Debug|Any CPU.Build.0 = Debug|Any CPU
		{20683E4E-2AF0-43AD-8998-09EE27702EB0}.Release|Any CPU.ActiveCfg = Release|Any CPU
		{20683E4E-2AF0-43AD-8998-09EE27702EB0}.Release|Any CPU.Build.0 = Release|Any CPU
		{74974A80-5DAE-4EA9-BB2E-DEA4C67C7CF1}.Debug|Any CPU.ActiveCfg = Debug|Any CPU
		{74974A80-5DAE-4EA9-BB2E-DEA4C67C7CF1}.Debug|Any CPU.Build.0 = Debug|Any CPU
		{74974A80-5DAE-4EA9-BB2E-DEA4C67C7CF1}.Release|Any CPU.ActiveCfg = Release|Any CPU
		{74974A80-5DAE-4EA9-BB2E-DEA4C67C7CF1}.Release|Any CPU.Build.0 = Release|Any CPU
	EndGlobalSection
	GlobalSection(SolutionProperties) = preSolution
		HideSolutionNode = FALSE
	EndGlobalSection
	GlobalSection(ExtensibilityGlobals) = postSolution
		SolutionGuid = {14145B37-F7F7-4056-9694-13769A50B7E2}
	EndGlobalSection
EndGlobal
